schema: '2.0'
stages:
  download:
    cmd: Rscript stages/1_download.R
    deps:
    - path: stages/1_download.R
      md5: efa44f7548504c99e402765761bb14a3
      size: 641
    outs:
    - path: brick/dsstox_identifiers.parquet
      md5: b9459764a7484f4d374f6b1056f16826
      size: 109604999
  api_EPA:
    cmd: python stages/2_API_EPA.py
    deps:
    - path: stages/2_API_EPA.py
      md5: 653eb6c214569a72b1ef76ca2283fdba
      size: 2204
    outs:
    - path: brick/chemical_lists.parquet
      md5: 75875a5d4ced9895c9165bf4b011a4ab
      size: 160201
    - path: brick/chemicals_by_list.parquet
      md5: c528ed6dfc05f1c71d41f698830a615d
      size: 235210634
  update_check:
    cmd: bash stages/0_check_html.sh
    outs:
    - path: cache/comptox/comptox_realease.txt
      md5: 96ac25f0b97a9225adb50c033a9d3227
      size: 128266
